
Microsoft Visual Studio Solution File, Format Version 12.00
# Visual Studio Version 17
VisualStudioVersion = 17.2.32630.192
MinimumVisualStudioVersion = 10.0.40219.1
Project("{9A19103F-16F7-4668-BE54-9A1E7A4F7556}") = "CommandLineSample", "CommandLineSample.csproj", "{17C77228-683F-4392-9FD9-38657AD6D245}"
EndProject
Global
	GlobalSection(SolutionConfigurationPlatforms) = preSolution
		Debug|Any CPU = Debug|Any CPU
		Release|Any CPU = Release|Any CPU
	EndGlobalSection
	GlobalSection(ProjectConfigurationPlatforms) = postSolution
		{17C77228-683F-4392-9FD9-38657AD6D245}.Debug|Any CPU.ActiveCfg = Debug|Any CPU
		{17C77228-683F-4392-9FD9-38657AD6D245}.Debug|Any CPU.Build.0 = Debug|Any CPU
		{17C77228-683F-4392-9FD9-38657AD6D245}.Release|Any CPU.ActiveCfg = Release|Any CPU
		{17C77228-683F-4392-9FD9-38657AD6D245}.Release|Any CPU.Build.0 = Release|Any CPU
	EndGlobalSection
	GlobalSection(SolutionProperties) = preSolution
		HideSolutionNode = FALSE
	EndGlobalSection
	GlobalSection(ExtensibilityGlobals) = postSolution
		SolutionGuid = {DF140D41-A50F-495E-A335-0559EE00CD7D}
	EndGlobalSection
EndGlobal
